
Microsoft Visual Studio Solution File, Format Version 12.00
# Visual Studio 2012
Project("{E24C65DC-7377-472B-9ABA-BC803B73C61A}") = "OLXwebClient", "OLXwebClient\", "{AB8F0506-F3CF-428D-8E27-E5C7C3C096BD}"
	ProjectSection(WebsiteProperties) = preProject
		TargetFrameworkMoniker = ".NETFramework,Version%3Dv4.5"
		Debug.AspNetCompiler.VirtualPath = "/OLXwebClient"
		Debug.AspNetCompiler.PhysicalPath = "D:\Mohsin\Personal Data\OLX and HC webClient\OLXwebClient\"
		Debug.AspNetCompiler.TargetPath = "PrecompiledWeb\OLXwebClient\"
		Debug.AspNetCompiler.Updateable = "true"
		Debug.AspNetCompiler.ForceOverwrite = "true"
		Debug.AspNetCompiler.FixedNames = "false"
		Debug.AspNetCompiler.Debug = "True"
		Release.AspNetCompiler.VirtualPath = "/OLXwebClient"
		Release.AspNetCompiler.PhysicalPath = "D:\Mohsin\Personal Data\OLX and HC webClient\OLXwebClient\"
		Release.AspNetCompiler.TargetPath = "PrecompiledWeb\OLXwebClient\"
		Release.AspNetCompiler.Updateable = "true"
		Release.AspNetCompiler.ForceOverwrite = "true"
		Release.AspNetCompiler.FixedNames = "false"
		Release.AspNetCompiler.Debug = "False"
		VWDPort = "30399"
	EndProjectSection
EndProject
Global
	GlobalSection(SolutionConfigurationPlatforms) = preSolution
		Debug|Any CPU = Debug|Any CPU
	EndGlobalSection
	GlobalSection(ProjectConfigurationPlatforms) = postSolution
		{AB8F0506-F3CF-428D-8E27-E5C7C3C096BD}.Debug|Any CPU.ActiveCfg = Debug|Any CPU
		{AB8F0506-F3CF-428D-8E27-E5C7C3C096BD}.Debug|Any CPU.Build.0 = Debug|Any CPU
	EndGlobalSection
	GlobalSection(SolutionProperties) = preSolution
		HideSolutionNode = FALSE
	EndGlobalSection
EndGlobal
